
Microsoft Visual Studio Solution File, Format Version 12.00
# Visual Studio Version 16
VisualStudioVersion = 16.0.29230.47
MinimumVisualStudioVersion = 10.0.40219.1
Project("{8BC9CEB8-8B4A-11D0-8D11-00A0C91BC942}") = "Project2", "Project2\Project2.vcxproj", "{142965CA-B7AB-4DBF-993B-0749DD69715C}"
EndProject
Global
	GlobalSection(SolutionConfigurationPlatforms) = preSolution
		Debug|x64 = Debug|x64
		Debug|x86 = Debug|x86
		Release|x64 = Release|x64
		Release|x86 = Release|x86
	EndGlobalSection
	GlobalSection(ProjectConfigurationPlatforms) = postSolution
		{142965CA-B7AB-4DBF-993B-0749DD69715C}.Debug|x64.ActiveCfg = Debug|x64
		{142965CA-B7AB-4DBF-993B-0749DD69715C}.Debug|x64.Build.0 = Debug|x64
		{142965CA-B7AB-4DBF-993B-0749DD69715C}.Debug|x86.ActiveCfg = Debug|Win32
		{142965CA-B7AB-4DBF-993B-0749DD69715C}.Debug|x86.Build.0 = Debug|Win32
		{142965CA-B7AB-4DBF-993B-0749DD69715C}.Release|x64.ActiveCfg = Release|x64
		{142965CA-B7AB-4DBF-993B-0749DD69715C}.Release|x64.Build.0 = Release|x64
		{142965CA-B7AB-4DBF-993B-0749DD69715C}.Release|x86.ActiveCfg = Release|Win32
		{142965CA-B7AB-4DBF-993B-0749DD69715C}.Release|x86.Build.0 = Release|Win32
	EndGlobalSection
	GlobalSection(SolutionProperties) = preSolution
		HideSolutionNode = FALSE
	EndGlobalSection
	GlobalSection(ExtensibilityGlobals) = postSolution
		SolutionGuid = {C23F9E37-BD5F-40F8-9C5B-DEB410216AB0}
	EndGlobalSection
EndGlobal
